
Microsoft Visual Studio Solution File, Format Version 12.00
# Visual Studio 15
VisualStudioVersion = 15.0.28010.2046
MinimumVisualStudioVersion = 10.0.40219.1
Project("{9A19103F-16F7-4668-BE54-9A1E7A4F7556}") = "BlogAPI", "BlogAPI\BlogAPI.csproj", "{0D99B244-9E4A-4A43-A095-D5741835DA32}"
EndProject
Project("{9A19103F-16F7-4668-BE54-9A1E7A4F7556}") = "WebApiTest", "WebApiTest\WebApiTest.csproj", "{D2A7E9C7-A3D4-48D4-938C-34AAB6D67C31}"
EndProject
Project("{FAE04EC0-301F-11D3-BF4B-00C04F79EFBC}") = "Blog.web", "Blog.web\Blog.web.csproj", "{0B4EEE68-7CDE-4FD9-A169-D403D55C5E94}"
EndProject
Global
	GlobalSection(SolutionConfigurationPlatforms) = preSolution
		Debug|Any CPU = Debug|Any CPU
		Release|Any CPU = Release|Any CPU
	EndGlobalSection
	GlobalSection(ProjectConfigurationPlatforms) = postSolution
		{0D99B244-9E4A-4A43-A095-D5741835DA32}.Debug|Any CPU.ActiveCfg = Debug|Any CPU
		{0D99B244-9E4A-4A43-A095-D5741835DA32}.Debug|Any CPU.Build.0 = Debug|Any CPU
		{0D99B244-9E4A-4A43-A095-D5741835DA32}.Release|Any CPU.ActiveCfg = Release|Any CPU
		{0D99B244-9E4A-4A43-A095-D5741835DA32}.Release|Any CPU.Build.0 = Release|Any CPU
		{D2A7E9C7-A3D4-48D4-938C-34AAB6D67C31}.Debug|Any CPU.ActiveCfg = Debug|Any CPU
		{D2A7E9C7-A3D4-48D4-938C-34AAB6D67C31}.Debug|Any CPU.Build.0 = Debug|Any CPU
		{D2A7E9C7-A3D4-48D4-938C-34AAB6D67C31}.Release|Any CPU.ActiveCfg = Release|Any CPU
		{D2A7E9C7-A3D4-48D4-938C-34AAB6D67C31}.Release|Any CPU.Build.0 = Release|Any CPU
		{0B4EEE68-7CDE-4FD9-A169-D403D55C5E94}.Debug|Any CPU.ActiveCfg = Debug|Any CPU
		{0B4EEE68-7CDE-4FD9-A169-D403D55C5E94}.Debug|Any CPU.Build.0 = Debug|Any CPU
		{0B4EEE68-7CDE-4FD9-A169-D403D55C5E94}.Release|Any CPU.ActiveCfg = Release|Any CPU
		{0B4EEE68-7CDE-4FD9-A169-D403D55C5E94}.Release|Any CPU.Build.0 = Release|Any CPU
	EndGlobalSection
	GlobalSection(SolutionProperties) = preSolution
		HideSolutionNode = FALSE
	EndGlobalSection
	GlobalSection(ExtensibilityGlobals) = postSolution
		SolutionGuid = {72217AD0-E15C-4F9D-8FBA-CA64A894975B}
	EndGlobalSection
EndGlobal
